<?xml version="1.0" encoding="utf-8"?>
<Project ToolsVersion="4.0" xmlns="http://schemas.microsoft.com/developer/msbuild/2003">
  <ItemGroup>
    <ClCompile Include="5-1Client.cpp" />
    <ClCompile Include="5-2Client.cpp" />
    <ClCompile Include="5-3Client.cpp" />
    <ClCompile Include="5-4Cilent.cpp" />
    <ClCompile Include="ByteOrder.cpp" />
    <ClCompile Include="CriticalSections2.cpp" />
    <ClCompile Include="CriticalSections.cpp" />
    <ClCompile Include="Events.cpp" />
    <ClCompile Include="FileSendClient.cpp" />
    <ClCompile Include="InitSocket.cpp" />
    <ClCompile Include="IPAddr.cpp" />
    <ClCompile Include="NameResolution.cpp" />
    <ClCompile Include="sample.cpp" />
    <ClCompile Include="TCPClient.cpp" />
    <ClCompile Include="TCPClient2.cpp" />
    <ClCompile Include="TCPServer.cpp" />
    <ClCompile Include="ThreadTCPServer.cpp" />
    <ClCompile Include="ThreadTest1.cpp" />
    <ClCompile Include="ThreadTest2.cpp" />
    <ClCompile Include="ThreadTest3.cpp" />
    <ClCompile Include="UDPClient.cpp" />
  </ItemGroup>
</Project>